
Microsoft Visual Studio Solution File, Format Version 12.00
# Visual Studio Version 17
VisualStudioVersion = 17.2.32602.215
MinimumVisualStudioVersion = 10.0.40219.1
Project("{9A19103F-16F7-4668-BE54-9A1E7A4F7556}") = "VectorSearch", "VectorSearch\VectorSearch.csproj", "{57EABDE0-C4F8-454C-96EA-26C472360B9B}"
EndProject
Project("{FAE04EC0-301F-11D3-BF4B-00C04F79EFBC}") = "VectorSearch.Common", "VectorSearch.Common\VectorSearch.Common.csproj", "{F62A2B68-CA8D-4D3F-BEC0-C3BDDC924A1D}"
EndProject
Global
	GlobalSection(SolutionConfigurationPlatforms) = preSolution
		Debug|Any CPU = Debug|Any CPU
		Release|Any CPU = Release|Any CPU
	EndGlobalSection
	GlobalSection(ProjectConfigurationPlatforms) = postSolution
		{57EABDE0-C4F8-454C-96EA-26C472360B9B}.Debug|Any CPU.ActiveCfg = Debug|Any CPU
		{57EABDE0-C4F8-454C-96EA-26C472360B9B}.Debug|Any CPU.Build.0 = Debug|Any CPU
		{57EABDE0-C4F8-454C-96EA-26C472360B9B}.Release|Any CPU.ActiveCfg = Release|Any CPU
		{57EABDE0-C4F8-454C-96EA-26C472360B9B}.Release|Any CPU.Build.0 = Release|Any CPU
		{F62A2B68-CA8D-4D3F-BEC0-C3BDDC924A1D}.Debug|Any CPU.ActiveCfg = Debug|Any CPU
		{F62A2B68-CA8D-4D3F-BEC0-C3BDDC924A1D}.Debug|Any CPU.Build.0 = Debug|Any CPU
		{F62A2B68-CA8D-4D3F-BEC0-C3BDDC924A1D}.Release|Any CPU.ActiveCfg = Release|Any CPU
		{F62A2B68-CA8D-4D3F-BEC0-C3BDDC924A1D}.Release|Any CPU.Build.0 = Release|Any CPU
	EndGlobalSection
	GlobalSection(SolutionProperties) = preSolution
		HideSolutionNode = FALSE
	EndGlobalSection
	GlobalSection(ExtensibilityGlobals) = postSolution
		SolutionGuid = {2C9173E3-1C93-4493-8344-EE73FED17642}
	EndGlobalSection
EndGlobal
